// !$*UTF8*$!
{
	archiveVersion = 1;
	classes = {
	};
	objectVersion = 48;
	objects = {

/* Begin PBXBuildFile section */
		A82D0F49209AEB9800BA408E /* Topology.c in Sources */ = {isa = PBXBuildFile; fileRef = A82D0F47209AEB9800BA408E /* Topology.c */; };
		A84C91DB208F5E240064FD46 /* main.c in Sources */ = {isa = PBXBuildFile; fileRef = A84C91DA208F5E240064FD46 /* main.c */; };
		A84C91E3208F5E480064FD46 /* Graph.c in Sources */ = {isa = PBXBuildFile; fileRef = A84C91E1208F5E480064FD46 /* Graph.c */; };
		A84C91E6208F5E630064FD46 /* GraphStruct.c in Sources */ = {isa = PBXBuildFile; fileRef = A84C91E4208F5E630064FD46 /* GraphStruct.c */; };
		A854286B209C392200F64C5C /* Practice.c in Sources */ = {isa = PBXBuildFile; fileRef = A8542869209C392200F64C5C /* Practice.c */; };
		A8FA0D952099636700C8D194 /* Dijkstra.c in Sources */ = {isa = PBXBuildFile; fileRef = A8FA0D932099636700C8D194 /* Dijkstra.c */; };
		A8FA0D982099A8DF00C8D194 /* Floyd.c in Sources */ = {isa = PBXBuildFile; fileRef = A8FA0D962099A8DF00C8D194 /* Floyd.c */; };
/* End PBXBuildFile section */

/* Begin PBXCopyFilesBuildPhase section */
		A84C91D5208F5E240064FD46 /* CopyFiles */ = {
			isa = PBXCopyFilesBuildPhase;
			buildActionMask = 2147483647;
			dstPath = /usr/share/man/man1/;
			dstSubfolderSpec = 0;
			files = (
			);
			runOnlyForDeploymentPostprocessing = 1;
		};
/* End PBXCopyFilesBuildPhase section */

/* Begin PBXFileReference section */
		A82D0F47209AEB9800BA408E /* Topology.c */ = {isa = PBXFileReference; lastKnownFileType = sourcecode.c.c; path = Topology.c; sourceTree = "<group>"; };
		A82D0F48209AEB9800BA408E /* Topology.h */ = {isa = PBXFileReference; lastKnownFileType = sourcecode.c.h; path = Topology.h; sourceTree = "<group>"; };
		A84C91D7208F5E240064FD46 /* 1-Graph */ = {isa = PBXFileReference; explicitFileType = "compiled.mach-o.executable"; includeInIndex = 0; path = "1-Graph"; sourceTree = BUILT_PRODUCTS_DIR; };
		A84C91DA208F5E240064FD46 /* main.c */ = {isa = PBXFileReference; lastKnownFileType = sourcecode.c.c; path = main.c; sourceTree = "<group>"; };
		A84C91E1208F5E480064FD46 /* Graph.c */ = {isa = PBXFileReference; lastKnownFileType = sourcecode.c.c; path = Graph.c; sourceTree = "<group>"; };
		A84C91E2208F5E480064FD46 /* Graph.h */ = {isa = PBXFileReference; lastKnownFileType = sourcecode.c.h; path = Graph.h; sourceTree = "<group>"; };
		A84C91E4208F5E630064FD46 /* GraphStruct.c */ = {isa = PBXFileReference; lastKnownFileType = sourcecode.c.c; path = GraphStruct.c; sourceTree = "<group>"; };
		A84C91E5208F5E630064FD46 /* GraphStruct.h */ = {isa = PBXFileReference; lastKnownFileType = sourcecode.c.h; path = GraphStruct.h; sourceTree = "<group>"; };
		A8542869209C392200F64C5C /* Practice.c */ = {isa = PBXFileReference; lastKnownFileType = sourcecode.c.c; path = Practice.c; sourceTree = "<group>"; };
		A854286A209C392200F64C5C /* Practice.h */ = {isa = PBXFileReference; lastKnownFileType = sourcecode.c.h; path = Practice.h; sourceTree = "<group>"; };
		A8FA0D932099636700C8D194 /* Dijkstra.c */ = {isa = PBXFileReference; lastKnownFileType = sourcecode.c.c; path = Dijkstra.c; sourceTree = "<group>"; };
		A8FA0D942099636700C8D194 /* Dijkstra.h */ = {isa = PBXFileReference; lastKnownFileType = sourcecode.c.h; path = Dijkstra.h; sourceTree = "<group>"; };
		A8FA0D962099A8DF00C8D194 /* Floyd.c */ = {isa = PBXFileReference; lastKnownFileType = sourcecode.c.c; path = Floyd.c; sourceTree = "<group>"; };
		A8FA0D972099A8DF00C8D194 /* Floyd.h */ = {isa = PBXFileReference; lastKnownFileType = sourcecode.c.h; path = Floyd.h; sourceTree = "<group>"; };
/* End PBXFileReference section */

/* Begin PBXFrameworksBuildPhase section */
		A84C91D4208F5E240064FD46 /* Frameworks */ = {
			isa = PBXFrameworksBuildPhase;
			buildActionMask = 2147483647;
			files = (
			);
			runOnlyForDeploymentPostprocessing = 0;
		};
/* End PBXFrameworksBuildPhase section */

/* Begin PBXGroup section */
		A84C91CE208F5E240064FD46 = {
			isa = PBXGroup;
			children = (
				A84C91D9208F5E240064FD46 /* 1-Graph */,
				A84C91D8208F5E240064FD46 /* Products */,
			);
			sourceTree = "<group>";
		};
		A84C91D8208F5E240064FD46 /* Products */ = {
			isa = PBXGroup;
			children = (
				A84C91D7208F5E240064FD46 /* 1-Graph */,
			);
			name = Products;
			sourceTree = "<group>";
		};
		A84C91D9208F5E240064FD46 /* 1-Graph */ = {
			isa = PBXGroup;
			children = (
				A84C91DA208F5E240064FD46 /* main.c */,
				A84C91E1208F5E480064FD46 /* Graph.c */,
				A84C91E2208F5E480064FD46 /* Graph.h */,
				A84C91E4208F5E630064FD46 /* GraphStruct.c */,
				A84C91E5208F5E630064FD46 /* GraphStruct.h */,
				A8FA0D932099636700C8D194 /* Dijkstra.c */,
				A8FA0D942099636700C8D194 /* Dijkstra.h */,
				A8FA0D962099A8DF00C8D194 /* Floyd.c */,
				A8FA0D972099A8DF00C8D194 /* Floyd.h */,
				A82D0F47209AEB9800BA408E /* Topology.c */,
				A82D0F48209AEB9800BA408E /* Topology.h */,
				A8542869209C392200F64C5C /* Practice.c */,
				A854286A209C392200F64C5C /* Practice.h */,
			);
			path = "1-Graph";
			sourceTree = "<group>";
		};
/* End PBXGroup section */

/* Begin PBXNativeTarget section */
		A84C91D6208F5E240064FD46 /* 1-Graph */ = {
			isa = PBXNativeTarget;
			buildConfigurationList = A84C91DE208F5E240064FD46 /* Build configuration list for PBXNativeTarget "1-Graph" */;
			buildPhases = (
				A84C91D3208F5E240064FD46 /* Sources */,
				A84C91D4208F5E240064FD46 /* Frameworks */,
				A84C91D5208F5E240064FD46 /* CopyFiles */,
			);
			buildRules = (
			);
			dependencies = (
			);
			name = "1-Graph";
			productName = "1-Graph";
			productReference = A84C91D7208F5E240064FD46 /* 1-Graph */;
			productType = "com.apple.product-type.tool";
		};
/* End PBXNativeTarget section */

/* Begin PBXProject section */
		A84C91CF208F5E240064FD46 /* Project object */ = {
			isa = PBXProject;
			attributes = {
				LastUpgradeCheck = 0900;
				ORGANIZATIONNAME = rrd;
				TargetAttributes = {
					A84C91D6208F5E240064FD46 = {
						CreatedOnToolsVersion = 9.0;
						ProvisioningStyle = Automatic;
					};
				};
			};
			buildConfigurationList = A84C91D2208F5E240064FD46 /* Build configuration list for PBXProject "1-Graph" */;
			compatibilityVersion = "Xcode 8.0";
			developmentRegion = en;
			hasScannedForEncodings = 0;
			knownRegions = (
				en,
			);
			mainGroup = A84C91CE208F5E240064FD46;
			productRefGroup = A84C91D8208F5E240064FD46 /* Products */;
			projectDirPath = "";
			projectRoot = "";
			targets = (
				A84C91D6208F5E240064FD46 /* 1-Graph */,
			);
		};
/* End PBXProject section */

/* Begin PBXSourcesBuildPhase section */
		A84C91D3208F5E240064FD46 /* Sources */ = {
			isa = PBXSourcesBuildPhase;
			buildActionMask = 2147483647;
			files = (
				A84C91E6208F5E630064FD46 /* GraphStruct.c in Sources */,
				A84C91E3208F5E480064FD46 /* Graph.c in Sources */,
				A84C91DB208F5E240064FD46 /* main.c in Sources */,
				A8FA0D952099636700C8D194 /* Dijkstra.c in Sources */,
				A854286B209C392200F64C5C /* Practice.c in Sources */,
				A82D0F49209AEB9800BA408E /* Topology.c in Sources */,
				A8FA0D982099A8DF00C8D194 /* Floyd.c in Sources */,
			);
			runOnlyForDeploymentPostprocessing = 0;
		};
/* End PBXSourcesBuildPhase section */

/* Begin XCBuildConfiguration section */
		A84C91DC208F5E240064FD46 /* Debug */ = {
			isa = XCBuildConfiguration;
			buildSettings = {
				ALWAYS_SEARCH_USER_PATHS = NO;
				CLANG_ANALYZER_NONNULL = YES;
				CLANG_ANALYZER_NUMBER_OBJECT_CONVERSION = YES_AGGRESSIVE;
				CLANG_CXX_LANGUAGE_STANDARD = "gnu++14";
				CLANG_CXX_LIBRARY = "libc++";
				CLANG_ENABLE_MODULES = YES;
				CLANG_ENABLE_OBJC_ARC = YES;
				CLANG_WARN_BLOCK_CAPTURE_AUTORELEASING = YES;
				CLANG_WARN_BOOL_CONVERSION = YES;
				CLANG_WARN_COMMA = YES;
				CLANG_WARN_CONSTANT_CONVERSION = YES;
				CLANG_WARN_DIRECT_OBJC_ISA_USAGE = YES_ERROR;
				CLANG_WARN_DOCUMENTATION_COMMENTS = YES;
				CLANG_WARN_EMPTY_BODY = YES;
				CLANG_WARN_ENUM_CONVERSION = YES;
				CLANG_WARN_INFINITE_RECURSION = YES;
				CLANG_WARN_INT_CONVERSION = YES;
				CLANG_WARN_NON_LITERAL_NULL_CONVERSION = YES;
				CLANG_WARN_OBJC_LITERAL_CONVERSION = YES;
				CLANG_WARN_OBJC_ROOT_CLASS = YES_ERROR;
				CLANG_WARN_RANGE_LOOP_ANALYSIS = YES;
				CLANG_WARN_STRICT_PROTOTYPES = YES;
				CLANG_WARN_SUSPICIOUS_MOVE = YES;
				CLANG_WARN_UNGUARDED_AVAILABILITY = YES_AGGRESSIVE;
				CLANG_WARN_UNREACHABLE_CODE = YES;
				CLANG_WARN__DUPLICATE_METHOD_MATCH = YES;
				CODE_SIGN_IDENTITY = "-";
				COPY_PHASE_STRIP = NO;
				DEBUG_INFORMATION_FORMAT = dwarf;
				ENABLE_STRICT_OBJC_MSGSEND = YES;
				ENABLE_TESTABILITY = YES;
				GCC_C_LANGUAGE_STANDARD = gnu11;
				GCC_DYNAMIC_NO_PIC = NO;
				GCC_NO_COMMON_BLOCKS = YES;
				GCC_OPTIMIZATION_LEVEL = 0;
				GCC_PREPROCESSOR_DEFINITIONS = (
					"DEBUG=1",
					"$(inherited)",
				);
				GCC_WARN_64_TO_32_BIT_CONVERSION = YES;
				GCC_WARN_ABOUT_RETURN_TYPE = YES_ERROR;
				GCC_WARN_UNDECLARED_SELECTOR = YES;
				GCC_WARN_UNINITIALIZED_AUTOS = YES_AGGRESSIVE;
				GCC_WARN_UNUSED_FUNCTION = YES;
				GCC_WARN_UNUSED_VARIABLE = YES;
				MACOSX_DEPLOYMENT_TARGET = 10.12;
				MTL_ENABLE_DEBUG_INFO = YES;
				ONLY_ACTIVE_ARCH = YES;
				SDKROOT = macosx;
			};
			name = Debug;
		};
		A84C91DD208F5E240064FD46 /* Release */ = {
			isa = XCBuildConfiguration;
			buildSettings = {
				ALWAYS_SEARCH_USER_PATHS = NO;
				CLANG_ANALYZER_NONNULL = YES;
				CLANG_ANALYZER_NUMBER_OBJECT_CONVERSION = YES_AGGRESSIVE;
				CLANG_CXX_LANGUAGE_STANDARD = "gnu++14";
				CLANG_CXX_LIBRARY = "libc++";
				CLANG_ENABLE_MODULES = YES;
				CLANG_ENABLE_OBJC_ARC = YES;
				CLANG_WARN_BLOCK_CAPTURE_AUTORELEASING = YES;
				CLANG_WARN_BOOL_CONVERSION = YES;
				CLANG_WARN_COMMA = YES;
				CLANG_WARN_CONSTANT_CONVERSION = YES;
				CLANG_WARN_DIRECT_OBJC_ISA_USAGE = YES_ERROR;
				CLANG_WARN_DOCUMENTATION_COMMENTS = YES;
				CLANG_WARN_EMPTY_BODY = YES;
				CLANG_WARN_ENUM_CONVERSION = YES;
				CLANG_WARN_INFINITE_RECURSION = YES;
				CLANG_WARN_INT_CONVERSION = YES;
				CLANG_WARN_NON_LITERAL_NULL_CONVERSION = YES;
				CLANG_WARN_OBJC_LITERAL_CONVERSION = YES;
				CLANG_WARN_OBJC_ROOT_CLASS = YES_ERROR;
				CLANG_WARN_RANGE_LOOP_ANALYSIS = YES;
				CLANG_WARN_STRICT_PROTOTYPES = YES;
				CLANG_WARN_SUSPICIOUS_MOVE = YES;
				CLANG_WARN_UNGUARDED_AVAILABILITY = YES_AGGRESSIVE;
				CLANG_WARN_UNREACHABLE_CODE = YES;
				CLANG_WARN__DUPLICATE_METHOD_MATCH = YES;
				CODE_SIGN_IDENTITY = "-";
				COPY_PHASE_STRIP = NO;
				DEBUG_INFORMATION_FORMAT = "dwarf-with-dsym";
				ENABLE_NS_ASSERTIONS = NO;
				ENABLE_STRICT_OBJC_MSGSEND = YES;
				GCC_C_LANGUAGE_STANDARD = gnu11;
				GCC_NO_COMMON_BLOCKS = YES;
				GCC_WARN_64_TO_32_BIT_CONVERSION = YES;
				GCC_WARN_ABOUT_RETURN_TYPE = YES_ERROR;
				GCC_WARN_UNDECLARED_SELECTOR = YES;
				GCC_WARN_UNINITIALIZED_AUTOS = YES_AGGRESSIVE;
				GCC_WARN_UNUSED_FUNCTION = YES;
				GCC_WARN_UNUSED_VARIABLE = YES;
				MACOSX_DEPLOYMENT_TARGET = 10.12;
				MTL_ENABLE_DEBUG_INFO = NO;
				SDKROOT = macosx;
			};
			name = Release;
		};
		A84C91DF208F5E240064FD46 /* Debug */ = {
			isa = XCBuildConfiguration;
			buildSettings = {
				CODE_SIGN_STYLE = Automatic;
				PRODUCT_NAME = "$(TARGET_NAME)";
			};
			name = Debug;
		};
		A84C91E0208F5E240064FD46 /* Release */ = {
			isa = XCBuildConfiguration;
			buildSettings = {
				CODE_SIGN_STYLE = Automatic;
				PRODUCT_NAME = "$(TARGET_NAME)";
			};
			name = Release;
		};
/* End XCBuildConfiguration section */

/* Begin XCConfigurationList section */
		A84C91D2208F5E240064FD46 /* Build configuration list for PBXProject "1-Graph" */ = {
			isa = XCConfigurationList;
			buildConfigurations = (
				A84C91DC208F5E240064FD46 /* Debug */,
				A84C91DD208F5E240064FD46 /* Release */,
			);
			defaultConfigurationIsVisible = 0;
			defaultConfigurationName = Release;
		};
		A84C91DE208F5E240064FD46 /* Build configuration list for PBXNativeTarget "1-Graph" */ = {
			isa = XCConfigurationList;
			buildConfigurations = (
				A84C91DF208F5E240064FD46 /* Debug */,
				A84C91E0208F5E240064FD46 /* Release */,
			);
			defaultConfigurationIsVisible = 0;
			defaultConfigurationName = Release;
		};
/* End XCConfigurationList section */
	};
	rootObject = A84C91CF208F5E240064FD46 /* Project object */;
}
